
Microsoft Visual Studio Solution File, Format Version 12.00
# Visual Studio Version 17
VisualStudioVersion = 17.3.32901.215
MinimumVisualStudioVersion = 10.0.40219.1
Project("{9A19103F-16F7-4668-BE54-9A1E7A4F7556}") = "Tests", "Tests\Tests.csproj", "{F9C971EF-D79D-4502-A0DB-01BE1EF41DF0}"
EndProject
Project("{9A19103F-16F7-4668-BE54-9A1E7A4F7556}") = "Lib", "Lib\Lib.csproj", "{4E615F8A-6763-476B-A1DF-B796380AC0EB}"
EndProject
Project("{9A19103F-16F7-4668-BE54-9A1E7A4F7556}") = "Core", "Core\Core.csproj", "{B5AFD72F-AEA7-4B62-8192-D00B976D212F}"
EndProject
Global
	GlobalSection(SolutionConfigurationPlatforms) = preSolution
		Debug|Any CPU = Debug|Any CPU
		Release|Any CPU = Release|Any CPU
	EndGlobalSection
	GlobalSection(ProjectConfigurationPlatforms) = postSolution
		{F9C971EF-D79D-4502-A0DB-01BE1EF41DF0}.Debug|Any CPU.ActiveCfg = Debug|Any CPU
		{F9C971EF-D79D-4502-A0DB-01BE1EF41DF0}.Debug|Any CPU.Build.0 = Debug|Any CPU
		{F9C971EF-D79D-4502-A0DB-01BE1EF41DF0}.Release|Any CPU.ActiveCfg = Release|Any CPU
		{F9C971EF-D79D-4502-A0DB-01BE1EF41DF0}.Release|Any CPU.Build.0 = Release|Any CPU
		{4E615F8A-6763-476B-A1DF-B796380AC0EB}.Debug|Any CPU.ActiveCfg = Debug|Any CPU
		{4E615F8A-6763-476B-A1DF-B796380AC0EB}.Debug|Any CPU.Build.0 = Debug|Any CPU
		{4E615F8A-6763-476B-A1DF-B796380AC0EB}.Release|Any CPU.ActiveCfg = Release|Any CPU
		{4E615F8A-6763-476B-A1DF-B796380AC0EB}.Release|Any CPU.Build.0 = Release|Any CPU
		{B5AFD72F-AEA7-4B62-8192-D00B976D212F}.Debug|Any CPU.ActiveCfg = Debug|Any CPU
		{B5AFD72F-AEA7-4B62-8192-D00B976D212F}.Debug|Any CPU.Build.0 = Debug|Any CPU
		{B5AFD72F-AEA7-4B62-8192-D00B976D212F}.Release|Any CPU.ActiveCfg = Release|Any CPU
		{B5AFD72F-AEA7-4B62-8192-D00B976D212F}.Release|Any CPU.Build.0 = Release|Any CPU
	EndGlobalSection
	GlobalSection(SolutionProperties) = preSolution
		HideSolutionNode = FALSE
	EndGlobalSection
	GlobalSection(ExtensibilityGlobals) = postSolution
		SolutionGuid = {BF0D9DD3-D57B-41C2-80C0-EE6F34165AA5}
	EndGlobalSection
EndGlobal
